
Microsoft Visual Studio Solution File, Format Version 12.00
# Visual Studio Version 16
VisualStudioVersion = 16.0.33328.57
MinimumVisualStudioVersion = 10.0.40219.1
Project("{FAE04EC0-301F-11D3-BF4B-00C04F79EFBC}") = "Sistem za rezervaciju avio karata", "Sistem za rezervaciju avio karata\Sistem za rezervaciju avio karata.csproj", "{ABDCD80C-118E-4332-8317-2175FDA33F1B}"
EndProject
Global
	GlobalSection(SolutionConfigurationPlatforms) = preSolution
		Debug|Any CPU = Debug|Any CPU
		Release|Any CPU = Release|Any CPU
	EndGlobalSection
	GlobalSection(ProjectConfigurationPlatforms) = postSolution
		{ABDCD80C-118E-4332-8317-2175FDA33F1B}.Debug|Any CPU.ActiveCfg = Debug|Any CPU
		{ABDCD80C-118E-4332-8317-2175FDA33F1B}.Debug|Any CPU.Build.0 = Debug|Any CPU
		{ABDCD80C-118E-4332-8317-2175FDA33F1B}.Release|Any CPU.ActiveCfg = Release|Any CPU
		{ABDCD80C-118E-4332-8317-2175FDA33F1B}.Release|Any CPU.Build.0 = Release|Any CPU
	EndGlobalSection
	GlobalSection(SolutionProperties) = preSolution
		HideSolutionNode = FALSE
	EndGlobalSection
	GlobalSection(ExtensibilityGlobals) = postSolution
		SolutionGuid = {EEBB001E-BDC1-47F9-8FEC-12B4482B8AF9}
	EndGlobalSection
EndGlobal
